# generated by rye
# use `rye lock` or `rye sync` to update this lockfile
#
# last locked with the following flags:
#   pre: false
#   features: []
#   all-features: false
#   with-sources: false
#   generate-hashes: false

-e file:.
imageio==2.34.1
    # via scikit-image
lazy-loader==0.4
    # via scikit-image
networkx==3.3
    # via scikit-image
numpy==1.26.4
    # via calvin-and-hobbes
    # via imageio
    # via scikit-image
    # via scipy
    # via tifffile
packaging==24.0
    # via lazy-loader
    # via scikit-image
pillow==10.3.0
    # via calvin-and-hobbes
    # via imageio
    # via scikit-image
pymupdf==1.24.5
    # via calvin-and-hobbes
pymupdfb==1.24.3
    # via pymupdf
pypdf==4.2.0
    # via calvin-and-hobbes
scikit-image==0.23.2
    # via calvin-and-hobbes
scipy==1.13.1
    # via calvin-and-hobbes
    # via scikit-image
tifffile==2024.5.22
    # via scikit-image
